
Microsoft Visual Studio Solution File, Format Version 12.00
# Visual Studio Version 17
VisualStudioVersion = 17.14.36603.0 d17.14
MinimumVisualStudioVersion = 10.0.40219.1
Project("{FAE04EC0-301F-11D3-BF4B-00C04F79EFBC}") = "OPA", "OPA.csproj", "{67B2CEEB-08E5-4124-84A8-656755E1E023}"
EndProject
Global
	GlobalSection(SolutionConfigurationPlatforms) = preSolution
		Debug|Any CPU = Debug|Any CPU
		Release|Any CPU = Release|Any CPU
	EndGlobalSection
	GlobalSection(ProjectConfigurationPlatforms) = postSolution
		{67B2CEEB-08E5-4124-84A8-656755E1E023}.Debug|Any CPU.ActiveCfg = Debug|Any CPU
		{67B2CEEB-08E5-4124-84A8-656755E1E023}.Debug|Any CPU.Build.0 = Debug|Any CPU
		{67B2CEEB-08E5-4124-84A8-656755E1E023}.Release|Any CPU.ActiveCfg = Release|Any CPU
		{67B2CEEB-08E5-4124-84A8-656755E1E023}.Release|Any CPU.Build.0 = Release|Any CPU
	EndGlobalSection
	GlobalSection(SolutionProperties) = preSolution
		HideSolutionNode = FALSE
	EndGlobalSection
	GlobalSection(ExtensibilityGlobals) = postSolution
		SolutionGuid = {A1AC7224-C9EE-43B1-ACB4-3AED25DDF434}
	EndGlobalSection
EndGlobal
